
Microsoft Visual Studio Solution File, Format Version 12.00
# Visual Studio Version 17
VisualStudioVersion = 17.7.34031.279
MinimumVisualStudioVersion = 10.0.40219.1
Project("{FAE04EC0-301F-11D3-BF4B-00C04F79EFBC}") = "Ex04.Menus.Interfaces", "Ex04.Menus.Interfaces\Ex04.Menus.Interfaces.csproj", "{1BB1595D-6D7A-4762-8FE6-058040B7517B}"
EndProject
Project("{FAE04EC0-301F-11D3-BF4B-00C04F79EFBC}") = "Ex04.Menus.Delegates", "Ex04.Menus.Delegates\Ex04.Menus.Delegates.csproj", "{91C99528-5FEA-42D2-B1CB-13E151A755A7}"
EndProject
Project("{FAE04EC0-301F-11D3-BF4B-00C04F79EFBC}") = "Ex04.Menus.Test", "Ex04.Menus.Test\Ex04.Menus.Test.csproj", "{51B6E92C-F293-4180-94C5-4BCA71729FDD}"
EndProject
Global
	GlobalSection(SolutionConfigurationPlatforms) = preSolution
		Debug|Any CPU = Debug|Any CPU
		Release|Any CPU = Release|Any CPU
	EndGlobalSection
	GlobalSection(ProjectConfigurationPlatforms) = postSolution
		{1BB1595D-6D7A-4762-8FE6-058040B7517B}.Debug|Any CPU.ActiveCfg = Debug|Any CPU
		{1BB1595D-6D7A-4762-8FE6-058040B7517B}.Debug|Any CPU.Build.0 = Debug|Any CPU
		{1BB1595D-6D7A-4762-8FE6-058040B7517B}.Release|Any CPU.ActiveCfg = Release|Any CPU
		{1BB1595D-6D7A-4762-8FE6-058040B7517B}.Release|Any CPU.Build.0 = Release|Any CPU
		{91C99528-5FEA-42D2-B1CB-13E151A755A7}.Debug|Any CPU.ActiveCfg = Debug|Any CPU
		{91C99528-5FEA-42D2-B1CB-13E151A755A7}.Debug|Any CPU.Build.0 = Debug|Any CPU
		{91C99528-5FEA-42D2-B1CB-13E151A755A7}.Release|Any CPU.ActiveCfg = Release|Any CPU
		{91C99528-5FEA-42D2-B1CB-13E151A755A7}.Release|Any CPU.Build.0 = Release|Any CPU
		{51B6E92C-F293-4180-94C5-4BCA71729FDD}.Debug|Any CPU.ActiveCfg = Debug|Any CPU
		{51B6E92C-F293-4180-94C5-4BCA71729FDD}.Debug|Any CPU.Build.0 = Debug|Any CPU
		{51B6E92C-F293-4180-94C5-4BCA71729FDD}.Release|Any CPU.ActiveCfg = Release|Any CPU
		{51B6E92C-F293-4180-94C5-4BCA71729FDD}.Release|Any CPU.Build.0 = Release|Any CPU
	EndGlobalSection
	GlobalSection(SolutionProperties) = preSolution
		HideSolutionNode = FALSE
	EndGlobalSection
	GlobalSection(ExtensibilityGlobals) = postSolution
		SolutionGuid = {AE8FC2DB-836C-4FA7-A989-97FC97BA55E4}
	EndGlobalSection
EndGlobal
